{"is_source_file": false, "format": "", "description": "", "external_files": [], "external_methods": [], "published": [], "classes": [], "methods": [], "calls": [], "search-terms": [], "state": 2, "file_id": 3, "knowledge_revision": 22, "git_revision": "d3ac6c26951367e377fe00ed1e1c7209a4ab5428", "hash": "9c4ed7ef73e22b872b8055bec08b8979", "format-version": 4, "code-base-name": "default", "filename": "color_categorized_event_scheduler/post_process_status.lock", "revision_history": [{"22": "d3ac6c26951367e377fe00ed1e1c7209a4ab5428"}]}